lockfileVersion: '9.0'

settings:
  autoInstallPeers: true
  excludeLinksFromLockfile: false

importers:
  .:
    dependencies:
      next:
        specifier: 14.2.21
        version: 14.2.21(react-dom@18.3.1(react@18.3.1))(react@18.3.1)
      posthog-js:
        specifier: ^1.231.0
        version: 1.231.0(@rrweb/types@2.0.0-alpha.17)
      posthog-node:
        specifier: ^4.10.1
        version: 4.10.1
      prettier:
        specifier: ^3.5.2
        version: 3.5.2
      react:
        specifier: ^18
        version: 18.3.1
      react-dom:
        specifier: ^18
        version: 18.3.1(react@18.3.1)
    devDependencies:
      '@types/node':
        specifier: ^20
        version: 20.17.19
      '@types/react':
        specifier: ^18
        version: 18.3.18
      '@types/react-dom':
        specifier: ^18
        version: 18.3.5(@types/react@18.3.18)
      typescript:
        specifier: ^5
        version: 5.7.3

packages:
  '@next/env@14.2.21':
    resolution:
      {
        integrity: sha512-lXcwcJd5oR01tggjWJ6SrNNYFGuOOMB9c251wUNkjCpkoXOPkDeF/15c3mnVlBqrW4JJXb2kVxDFhC4GduJt2A==,
      }

  '@next/swc-darwin-arm64@14.2.21':
    resolution:
      {
        integrity: sha512-HwEjcKsXtvszXz5q5Z7wCtrHeTTDSTgAbocz45PHMUjU3fBYInfvhR+ZhavDRUYLonm53aHZbB09QtJVJj8T7g==,
      }
    engines: { node: '>= 10' }
    cpu: [arm64]
    os: [darwin]

  '@next/swc-darwin-x64@14.2.21':
    resolution:
      {
        integrity: sha512-TSAA2ROgNzm4FhKbTbyJOBrsREOMVdDIltZ6aZiKvCi/v0UwFmwigBGeqXDA97TFMpR3LNNpw52CbVelkoQBxA==,
      }
    engines: { node: '>= 10' }
    cpu: [x64]
    os: [darwin]

  '@next/swc-linux-arm64-gnu@14.2.21':
    resolution:
      {
        integrity: sha512-0Dqjn0pEUz3JG+AImpnMMW/m8hRtl1GQCNbO66V1yp6RswSTiKmnHf3pTX6xMdJYSemf3O4Q9ykiL0jymu0TuA==,
      }
    engines: { node: '>= 10' }
    cpu: [arm64]
    os: [linux]

  '@next/swc-linux-arm64-musl@14.2.21':
    resolution:
      {
        integrity: sha512-Ggfw5qnMXldscVntwnjfaQs5GbBbjioV4B4loP+bjqNEb42fzZlAaK+ldL0jm2CTJga9LynBMhekNfV8W4+HBw==,
      }
    engines: { node: '>= 10' }
    cpu: [arm64]
    os: [linux]

  '@next/swc-linux-x64-gnu@14.2.21':
    resolution:
      {
        integrity: sha512-uokj0lubN1WoSa5KKdThVPRffGyiWlm/vCc/cMkWOQHw69Qt0X1o3b2PyLLx8ANqlefILZh1EdfLRz9gVpG6tg==,
      }
    engines: { node: '>= 10' }
    cpu: [x64]
    os: [linux]

  '@next/swc-linux-x64-musl@14.2.21':
    resolution:
      {
        integrity: sha512-iAEBPzWNbciah4+0yI4s7Pce6BIoxTQ0AGCkxn/UBuzJFkYyJt71MadYQkjPqCQCJAFQ26sYh7MOKdU+VQFgPg==,
      }
    engines: { node: '>= 10' }
    cpu: [x64]
    os: [linux]

  '@next/swc-win32-arm64-msvc@14.2.21':
    resolution:
      {
        integrity: sha512-plykgB3vL2hB4Z32W3ktsfqyuyGAPxqwiyrAi2Mr8LlEUhNn9VgkiAl5hODSBpzIfWweX3er1f5uNpGDygfQVQ==,
      }
    engines: { node: '>= 10' }
    cpu: [arm64]
    os: [win32]

  '@next/swc-win32-ia32-msvc@14.2.21':
    resolution:
      {
        integrity: sha512-w5bacz4Vxqrh06BjWgua3Yf7EMDb8iMcVhNrNx8KnJXt8t+Uu0Zg4JHLDL/T7DkTCEEfKXO/Er1fcfWxn2xfPA==,
      }
    engines: { node: '>= 10' }
    cpu: [ia32]
    os: [win32]

  '@next/swc-win32-x64-msvc@14.2.21':
    resolution:
      {
        integrity: sha512-sT6+llIkzpsexGYZq8cjjthRyRGe5cJVhqh12FmlbxHqna6zsDDK8UNaV7g41T6atFHCJUPeLb3uyAwrBwy0NA==,
      }
    engines: { node: '>= 10' }
    cpu: [x64]
    os: [win32]

  '@rrweb/types@2.0.0-alpha.17':
    resolution:
      {
        integrity: sha512-AfDTVUuCyCaIG0lTSqYtrZqJX39ZEYzs4fYKnexhQ+id+kbZIpIJtaut5cto6dWZbB3SEe4fW0o90Po3LvTmfg==,
      }

  '@swc/counter@0.1.3':
    resolution:
      {
        integrity: sha512-e2BR4lsJkkRlKZ/qCHPw9ZaSxc0MVUd7gtbtaB7aMvHeJVYe8sOB8DBZkP2DtISHGSku9sCK6T6cnY0CtXrOCQ==,
      }

  '@swc/helpers@0.5.5':
    resolution:
      {
        integrity: sha512-KGYxvIOXcceOAbEk4bi/dVLEK9z8sZ0uBB3Il5b1rhfClSpcX0yfRO0KmTkqR2cnQDymwLB+25ZyMzICg/cm/A==,
      }

  '@types/node@20.17.19':
    resolution:
      {
        integrity: sha512-LEwC7o1ifqg/6r2gn9Dns0f1rhK+fPFDoMiceTJ6kWmVk6bgXBI/9IOWfVan4WiAavK9pIVWdX0/e3J+eEUh5A==,
      }

  '@types/prop-types@15.7.14':
    resolution:
      {
        integrity: sha512-gNMvNH49DJ7OJYv+KAKn0Xp45p8PLl6zo2YnvDIbTd4J6MER2BmWN49TG7n9LvkyihINxeKW8+3bfS2yDC9dzQ==,
      }

  '@types/react-dom@18.3.5':
    resolution:
      {
        integrity: sha512-P4t6saawp+b/dFrUr2cvkVsfvPguwsxtH6dNIYRllMsefqFzkZk5UIjzyDOv5g1dXIPdG4Sp1yCR4Z6RCUsG/Q==,
      }
    peerDependencies:
      '@types/react': ^18.0.0

  '@types/react@18.3.18':
    resolution:
      {
        integrity: sha512-t4yC+vtgnkYjNSKlFx1jkAhH8LgTo2N/7Qvi83kdEaUtMDiwpbLAktKDaAMlRcJ5eSxZkH74eEGt1ky31d7kfQ==,
      }

  asynckit@0.4.0:
    resolution:
      {
        integrity: sha512-Oei9OH4tRh0YqU3GxhX79dM/mwVgvbZJaSNaRk+bshkj0S5cfHcgYakreBjrHwatXKbz+IoIdYLxrKim2MjW0Q==,
      }

  axios@1.8.3:
    resolution:
      {
        integrity: sha512-iP4DebzoNlP/YN2dpwCgb8zoCmhtkajzS48JvwmkSkXvPI3DHc7m+XYL5tGnSlJtR6nImXZmdCuN5aP8dh1d8A==,
      }

  busboy@1.6.0:
    resolution:
      {
        integrity: sha512-8SFQbg/0hQ9xy3UNTB0YEnsNBbWfhf7RtnzpL7TkBiTBRfrQ9Fxcnz7VJsleJpyp6rVLvXiuORqjlHi5q+PYuA==,
      }
    engines: { node: '>=10.16.0' }

  call-bind-apply-helpers@1.0.2:
    resolution:
      {
        integrity: sha512-Sp1ablJ0ivDkSzjcaJdxEunN5/XvksFJ2sMBFfq6x0ryhQV/2b/KwFe21cMpmHtPOSij8K99/wSfoEuTObmuMQ==,
      }
    engines: { node: '>= 0.4' }

  caniuse-lite@1.0.30001701:
    resolution:
      {
        integrity: sha512-faRs/AW3jA9nTwmJBSO1PQ6L/EOgsB5HMQQq4iCu5zhPgVVgO/pZRHlmatwijZKetFw8/Pr4q6dEN8sJuq8qTw==,
      }

  client-only@0.0.1:
    resolution:
      {
        integrity: sha512-IV3Ou0jSMzZrd3pZ48nLkT9DA7Ag1pnPzaiQhpW7c3RbcqqzvzzVu+L8gfqMp/8IM2MQtSiqaCxrrcfu8I8rMA==,
      }

  combined-stream@1.0.8:
    resolution:
      {
        integrity: sha512-FQN4MRfuJeHf7cBbBMJFXhKSDq+2kAArBlmRBvcvFE5BB1HZKXtSFASDhdlz9zOYwxh8lDdnvmMOe/+5cdoEdg==,
      }
    engines: { node: '>= 0.8' }

  core-js@3.40.0:
    resolution:
      {
        integrity: sha512-7vsMc/Lty6AGnn7uFpYT56QesI5D2Y/UkgKounk87OP9Z2H9Z8kj6jzcSGAxFmUtDOS0ntK6lbQz+Nsa0Jj6mQ==,
      }

  csstype@3.1.3:
    resolution:
      {
        integrity: sha512-M1uQkMl8rQK/szD0LNhtqxIPLpimGm8sOBwU7lLnCpSbTyY3yeU1Vc7l4KT5zT4s/yOxHH5O7tIuuLOCnLADRw==,
      }

  delayed-stream@1.0.0:
    resolution:
      {
        integrity: sha512-ZySD7Nf91aLB0RxL4KGrKHBXl7Eds1DAmEdcoVawXnLD7SDhpNgtuII2aAkg7a7QS41jxPSZ17p4VdGnMHk3MQ==,
      }
    engines: { node: '>=0.4.0' }

  dunder-proto@1.0.1:
    resolution:
      {
        integrity: sha512-KIN/nDJBQRcXw0MLVhZE9iQHmG68qAVIBg9CqmUYjmQIhgij9U5MFvrqkUL5FbtyyzZuOeOt0zdeRe4UY7ct+A==,
      }
    engines: { node: '>= 0.4' }

  es-define-property@1.0.1:
    resolution:
      {
        integrity: sha512-e3nRfgfUZ4rNGL232gUgX06QNyyez04KdjFrF+LTRoOXmrOgFKDg4BCdsjW8EnT69eqdYGmRpJwiPVYNrCaW3g==,
      }
    engines: { node: '>= 0.4' }

  es-errors@1.3.0:
    resolution:
      {
        integrity: sha512-Zf5H2Kxt2xjTvbJvP2ZWLEICxA6j+hAmMzIlypy4xcBg1vKVnx89Wy0GbS+kf5cwCVFFzdCFh2XSCFNULS6csw==,
      }
    engines: { node: '>= 0.4' }

  es-object-atoms@1.1.1:
    resolution:
      {
        integrity: sha512-FGgH2h8zKNim9ljj7dankFPcICIK9Cp5bm+c2gQSYePhpaG5+esrLODihIorn+Pe6FGJzWhXQotPv73jTaldXA==,
      }
    engines: { node: '>= 0.4' }

  es-set-tostringtag@2.1.0:
    resolution:
      {
        integrity: sha512-j6vWzfrGVfyXxge+O0x5sh6cvxAog0a/4Rdd2K36zCMV5eJ+/+tOAngRO8cODMNWbVRdVlmGZQL2YS3yR8bIUA==,
      }
    engines: { node: '>= 0.4' }

  fflate@0.4.8:
    resolution:
      {
        integrity: sha512-FJqqoDBR00Mdj9ppamLa/Y7vxm+PRmNWA67N846RvsoYVMKB4q3y/de5PA7gUmRMYK/8CMz2GDZQmCRN1wBcWA==,
      }

  follow-redirects@1.15.9:
    resolution:
      {
        integrity: sha512-gew4GsXizNgdoRyqmyfMHyAmXsZDk6mHkSxZFCzW9gwlbtOW44CDtYavM+y+72qD/Vq2l550kMF52DT8fOLJqQ==,
      }
    engines: { node: '>=4.0' }
    peerDependencies:
      debug: '*'
    peerDependenciesMeta:
      debug:
        optional: true

  form-data@4.0.2:
    resolution:
      {
        integrity: sha512-hGfm/slu0ZabnNt4oaRZ6uREyfCj6P4fT/n6A1rGV+Z0VdGXjfOhVUpkn6qVQONHGIFwmveGXyDs75+nr6FM8w==,
      }
    engines: { node: '>= 6' }

  function-bind@1.1.2:
    resolution:
      {
        integrity: sha512-7XHNxH7qX9xG5mIwxkhumTox/MIRNcOgDrxWsMt2pAr23WHp6MrRlN7FBSFpCpr+oVO0F744iUgR82nJMfG2SA==,
      }

  get-intrinsic@1.3.0:
    resolution:
      {
        integrity: sha512-9fSjSaos/fRIVIp+xSJlE6lfwhES7LNtKaCBIamHsjr2na1BiABJPo0mOjjz8GJDURarmCPGqaiVg5mfjb98CQ==,
      }
    engines: { node: '>= 0.4' }

  get-proto@1.0.1:
    resolution:
      {
        integrity: sha512-sTSfBjoXBp89JvIKIefqw7U2CCebsc74kiY6awiGogKtoSGbgjYE/G/+l9sF3MWFPNc9IcoOC4ODfKHfxFmp0g==,
      }
    engines: { node: '>= 0.4' }

  gopd@1.2.0:
    resolution:
      {
        integrity: sha512-ZUKRh6/kUFoAiTAtTYPZJ3hw9wNxx+BIBOijnlG9PnrJsCcSjs1wyyD6vJpaYtgnzDrKYRSqf3OO6Rfa93xsRg==,
      }
    engines: { node: '>= 0.4' }

  graceful-fs@4.2.11:
    resolution:
      {
        integrity: sha512-RbJ5/jmFcNNCcDV5o9eTnBLJ/HszWV0P73bc+Ff4nS/rJj+YaS6IGyiOL0VoBYX+l1Wrl3k63h/KrH+nhJ0XvQ==,
      }

  has-symbols@1.1.0:
    resolution:
      {
        integrity: sha512-1cDNdwJ2Jaohmb3sg4OmKaMBwuC48sYni5HUw2DvsC8LjGTLK9h+eb1X6RyuOHe4hT0ULCW68iomhjUoKUqlPQ==,
      }
    engines: { node: '>= 0.4' }

  has-tostringtag@1.0.2:
    resolution:
      {
        integrity: sha512-NqADB8VjPFLM2V0VvHUewwwsw0ZWBaIdgo+ieHtK3hasLz4qeCRjYcqfB6AQrBggRKppKF8L52/VqdVsO47Dlw==,
      }
    engines: { node: '>= 0.4' }

  hasown@2.0.2:
    resolution:
      {
        integrity: sha512-0hJU9SCPvmMzIBdZFqNPXWa6dqh7WdH0cII9y+CyS8rG3nL48Bclra9HmKhVVUHyPWNH5Y7xDwAB7bfgSjkUMQ==,
      }
    engines: { node: '>= 0.4' }

  js-tokens@4.0.0:
    resolution:
      {
        integrity: sha512-RdJUflcE3cUzKiMqQgsCu06FPu9UdIJO0beYbPhHN4k6apgJtifcoCtT9bcxOpYBtpD2kCM6Sbzg4CausW/PKQ==,
      }

  loose-envify@1.4.0:
    resolution:
      {
        integrity: sha512-lyuxPGr/Wfhrlem2CL/UcnUc1zcqKAImBDzukY7Y5F/yQiNdko6+fRLevlw1HgMySw7f611UIY408EtxRSoK3Q==,
      }
    hasBin: true

  math-intrinsics@1.1.0:
    resolution:
      {
        integrity: sha512-/IXtbwEk5HTPyEwyKX6hGkYXxM9nbj64B+ilVJnC/R6B0pH5G4V3b0pVbL7DBj4tkhBAppbQUlf6F6Xl9LHu1g==,
      }
    engines: { node: '>= 0.4' }

  mime-db@1.52.0:
    resolution:
      {
        integrity: sha512-sPU4uV7dYlvtWJxwwxHD0PuihVNiE7TyAbQ5SWxDCB9mUYvOgroQOwYQQOKPJ8CIbE+1ETVlOoK1UC2nU3gYvg==,
      }
    engines: { node: '>= 0.6' }

  mime-types@2.1.35:
    resolution:
      {
        integrity: sha512-ZDY+bPm5zTTF+YpCrAU9nK0UgICYPT0QtT1NZWFv4s++TNkcgVaT0g6+4R2uI4MjQjzysHB1zxuWL50hzaeXiw==,
      }
    engines: { node: '>= 0.6' }

  nanoid@3.3.8:
    resolution:
      {
        integrity: sha512-WNLf5Sd8oZxOm+TzppcYk8gVOgP+l58xNy58D0nbUnOxOWRWvlcCV4kUF7ltmI6PsrLl/BgKEyS4mqsGChFN0w==,
      }
    engines: { node: ^10 || ^12 || ^13.7 || ^14 || >=15.0.1 }
    hasBin: true

  next@14.2.21:
    resolution:
      {
        integrity: sha512-rZmLwucLHr3/zfDMYbJXbw0ZeoBpirxkXuvsJbk7UPorvPYZhP7vq7aHbKnU7dQNCYIimRrbB2pp3xmf+wsYUg==,
      }
    engines: { node: '>=18.17.0' }
    hasBin: true
    peerDependencies:
      '@opentelemetry/api': ^1.1.0
      '@playwright/test': ^1.41.2
      react: ^18.2.0
      react-dom: ^18.2.0
      sass: ^1.3.0
    peerDependenciesMeta:
      '@opentelemetry/api':
        optional: true
      '@playwright/test':
        optional: true
      sass:
        optional: true

  picocolors@1.1.1:
    resolution:
      {
        integrity: sha512-xceH2snhtb5M9liqDsmEw56le376mTZkEX/jEb/RxNFyegNul7eNslCXP9FDj/Lcu0X8KEyMceP2ntpaHrDEVA==,
      }

  postcss@8.4.31:
    resolution:
      {
        integrity: sha512-PS08Iboia9mts/2ygV3eLpY5ghnUcfLV/EXTOW1E2qYxJKGGBUtNjN76FYHnMs36RmARn41bC0AZmn+rR0OVpQ==,
      }
    engines: { node: ^10 || ^12 || >=14 }

  postcss@8.5.3:
    resolution:
      {
        integrity: sha512-dle9A3yYxlBSrt8Fu+IpjGT8SY8hN0mlaA6GY8t0P5PjIOZemULz/E2Bnm/2dcUOena75OTNkHI76uZBNUUq3A==,
      }
    engines: { node: ^10 || ^12 || >=14 }

  posthog-js@1.231.0:
    resolution:
      {
        integrity: sha512-8v3zRytQBg3KyKUPLy/9S5fw7ATeiKz3n3pLFxl1fQsV/a2mIt/MAwkIREZXTzi7mamsvtfXhSdggG7UYK/Ojw==,
      }
    peerDependencies:
      '@rrweb/types': 2.0.0-alpha.17
      rrweb-snapshot: 2.0.0-alpha.17
    peerDependenciesMeta:
      '@rrweb/types':
        optional: true
      rrweb-snapshot:
        optional: true

  posthog-node@4.10.1:
    resolution:
      {
        integrity: sha512-rEzVszfaOkUFTjEabDcRLJNRqMwTOeU1WpqKgQEDV3x82O4ODifkvkoCERaPxl/ossi1NtqKXBOZ+XnhQ19pNQ==,
      }
    engines: { node: '>=15.0.0' }

  preact@10.26.3:
    resolution:
      {
        integrity: sha512-OJCfNTdttkOTCbTN+gCnXn/woDqz1dIjvP+gdCoYGP2kKuX6w79FAP8qgY/r7jgAunvqHVVmEOKzKOFWzrXZdw==,
      }

  prettier@3.5.2:
    resolution:
      {
        integrity: sha512-lc6npv5PH7hVqozBR7lkBNOGXV9vMwROAPlumdBkX0wTbbzPu/U1hk5yL8p2pt4Xoc+2mkT8t/sow2YrV/M5qg==,
      }
    engines: { node: '>=14' }
    hasBin: true

  proxy-from-env@1.1.0:
    resolution:
      {
        integrity: sha512-D+zkORCbA9f1tdWRK0RaCR3GPv50cMxcrz4X8k5LTSUD1Dkw47mKJEZQNunItRTkWwgtaUSo1RVFRIG9ZXiFYg==,
      }

  react-dom@18.3.1:
    resolution:
      {
        integrity: sha512-5m4nQKp+rZRb09LNH59GM4BxTh9251/ylbKIbpe7TpGxfJ+9kv6BLkLBXIjjspbgbnIBNqlI23tRnTWT0snUIw==,
      }
    peerDependencies:
      react: ^18.3.1

  react@18.3.1:
    resolution:
      {
        integrity: sha512-wS+hAgJShR0KhEvPJArfuPVN1+Hz1t0Y6n5jLrGQbkb4urgPE/0Rve+1kMB1v/oWgHgm4WIcV+i7F2pTVj+2iQ==,
      }
    engines: { node: '>=0.10.0' }

  rrweb-snapshot@2.0.0-alpha.18:
    resolution:
      {
        integrity: sha512-hBHZL/NfgQX6wO1D9mpwqFu1NJPpim+moIcKhFEjVTZVRUfCln+LOugRc4teVTCISYHN8Cw5e2iNTWCSm+SkoA==,
      }

  scheduler@0.23.2:
    resolution:
      {
        integrity: sha512-UOShsPwz7NrMUqhR6t0hWjFduvOzbtv7toDH1/hIrfRNIDBnnBWd0CwJTGvTpngVlmwGCdP9/Zl/tVrDqcuYzQ==,
      }

  source-map-js@1.2.1:
    resolution:
      {
        integrity: sha512-UXWMKhLOwVKb728IUtQPXxfYU+usdybtUrK/8uGE8CQMvrhOpwvzDBwj0QhSL7MQc7vIsISBG8VQ8+IDQxpfQA==,
      }
    engines: { node: '>=0.10.0' }

  streamsearch@1.1.0:
    resolution:
      {
        integrity: sha512-Mcc5wHehp9aXz1ax6bZUyY5afg9u2rv5cqQI3mRrYkGC8rW2hM02jWuwjtL++LS5qinSyhj2QfLyNsuc+VsExg==,
      }
    engines: { node: '>=10.0.0' }

  styled-jsx@5.1.1:
    resolution:
      {
        integrity: sha512-pW7uC1l4mBZ8ugbiZrcIsiIvVx1UmTfw7UkC3Um2tmfUq9Bhk8IiyEIPl6F8agHgjzku6j0xQEZbfA5uSgSaCw==,
      }
    engines: { node: '>= 12.0.0' }
    peerDependencies:
      '@babel/core': '*'
      babel-plugin-macros: '*'
      react: '>= 16.8.0 || 17.x.x || ^18.0.0-0'
    peerDependenciesMeta:
      '@babel/core':
        optional: true
      babel-plugin-macros:
        optional: true

  tslib@2.8.1:
    resolution:
      {
        integrity: sha512-oJFu94HQb+KVduSUQL7wnpmqnfmLsOA/nAh6b6EH0wCEoK0/mPeXU6c3wKDV83MkOuHPRHtSXKKU99IBazS/2w==,
      }

  typescript@5.7.3:
    resolution:
      {
        integrity: sha512-84MVSjMEHP+FQRPy3pX9sTVV/INIex71s9TL2Gm5FG/WG1SqXeKyZ0k7/blY/4FdOzI12CBy1vGc4og/eus0fw==,
      }
    engines: { node: '>=14.17' }
    hasBin: true

  undici-types@6.19.8:
    resolution:
      {
        integrity: sha512-ve2KP6f/JnbPBFyobGHuerC9g1FYGn/F8n1LWTwNxCEzd6IfqTwUQcNXgEtmmQ6DlRrC1hrSrBnCZPokRrDHjw==,
      }

  web-vitals@4.2.4:
    resolution:
      {
        integrity: sha512-r4DIlprAGwJ7YM11VZp4R884m0Vmgr6EAKe3P+kO0PPj3Unqyvv59rczf6UiGcb9Z8QxZVcqKNwv/g0WNdWwsw==,
      }

snapshots:
  '@next/env@14.2.21': {}

  '@next/swc-darwin-arm64@14.2.21':
    optional: true

  '@next/swc-darwin-x64@14.2.21':
    optional: true

  '@next/swc-linux-arm64-gnu@14.2.21':
    optional: true

  '@next/swc-linux-arm64-musl@14.2.21':
    optional: true

  '@next/swc-linux-x64-gnu@14.2.21':
    optional: true

  '@next/swc-linux-x64-musl@14.2.21':
    optional: true

  '@next/swc-win32-arm64-msvc@14.2.21':
    optional: true

  '@next/swc-win32-ia32-msvc@14.2.21':
    optional: true

  '@next/swc-win32-x64-msvc@14.2.21':
    optional: true

  '@rrweb/types@2.0.0-alpha.17':
    dependencies:
      rrweb-snapshot: 2.0.0-alpha.18
    optional: true

  '@swc/counter@0.1.3': {}

  '@swc/helpers@0.5.5':
    dependencies:
      '@swc/counter': 0.1.3
      tslib: 2.8.1

  '@types/node@20.17.19':
    dependencies:
      undici-types: 6.19.8

  '@types/prop-types@15.7.14': {}

  '@types/react-dom@18.3.5(@types/react@18.3.18)':
    dependencies:
      '@types/react': 18.3.18

  '@types/react@18.3.18':
    dependencies:
      '@types/prop-types': 15.7.14
      csstype: 3.1.3

  asynckit@0.4.0: {}

  axios@1.8.3:
    dependencies:
      follow-redirects: 1.15.9
      form-data: 4.0.2
      proxy-from-env: 1.1.0
    transitivePeerDependencies:
      - debug

  busboy@1.6.0:
    dependencies:
      streamsearch: 1.1.0

  call-bind-apply-helpers@1.0.2:
    dependencies:
      es-errors: 1.3.0
      function-bind: 1.1.2

  caniuse-lite@1.0.30001701: {}

  client-only@0.0.1: {}

  combined-stream@1.0.8:
    dependencies:
      delayed-stream: 1.0.0

  core-js@3.40.0: {}

  csstype@3.1.3: {}

  delayed-stream@1.0.0: {}

  dunder-proto@1.0.1:
    dependencies:
      call-bind-apply-helpers: 1.0.2
      es-errors: 1.3.0
      gopd: 1.2.0

  es-define-property@1.0.1: {}

  es-errors@1.3.0: {}

  es-object-atoms@1.1.1:
    dependencies:
      es-errors: 1.3.0

  es-set-tostringtag@2.1.0:
    dependencies:
      es-errors: 1.3.0
      get-intrinsic: 1.3.0
      has-tostringtag: 1.0.2
      hasown: 2.0.2

  fflate@0.4.8: {}

  follow-redirects@1.15.9: {}

  form-data@4.0.2:
    dependencies:
      asynckit: 0.4.0
      combined-stream: 1.0.8
      es-set-tostringtag: 2.1.0
      mime-types: 2.1.35

  function-bind@1.1.2: {}

  get-intrinsic@1.3.0:
    dependencies:
      call-bind-apply-helpers: 1.0.2
      es-define-property: 1.0.1
      es-errors: 1.3.0
      es-object-atoms: 1.1.1
      function-bind: 1.1.2
      get-proto: 1.0.1
      gopd: 1.2.0
      has-symbols: 1.1.0
      hasown: 2.0.2
      math-intrinsics: 1.1.0

  get-proto@1.0.1:
    dependencies:
      dunder-proto: 1.0.1
      es-object-atoms: 1.1.1

  gopd@1.2.0: {}

  graceful-fs@4.2.11: {}

  has-symbols@1.1.0: {}

  has-tostringtag@1.0.2:
    dependencies:
      has-symbols: 1.1.0

  hasown@2.0.2:
    dependencies:
      function-bind: 1.1.2

  js-tokens@4.0.0: {}

  loose-envify@1.4.0:
    dependencies:
      js-tokens: 4.0.0

  math-intrinsics@1.1.0: {}

  mime-db@1.52.0: {}

  mime-types@2.1.35:
    dependencies:
      mime-db: 1.52.0

  nanoid@3.3.8: {}

  next@14.2.21(react-dom@18.3.1(react@18.3.1))(react@18.3.1):
    dependencies:
      '@next/env': 14.2.21
      '@swc/helpers': 0.5.5
      busboy: 1.6.0
      caniuse-lite: 1.0.30001701
      graceful-fs: 4.2.11
      postcss: 8.4.31
      react: 18.3.1
      react-dom: 18.3.1(react@18.3.1)
      styled-jsx: 5.1.1(react@18.3.1)
    optionalDependencies:
      '@next/swc-darwin-arm64': 14.2.21
      '@next/swc-darwin-x64': 14.2.21
      '@next/swc-linux-arm64-gnu': 14.2.21
      '@next/swc-linux-arm64-musl': 14.2.21
      '@next/swc-linux-x64-gnu': 14.2.21
      '@next/swc-linux-x64-musl': 14.2.21
      '@next/swc-win32-arm64-msvc': 14.2.21
      '@next/swc-win32-ia32-msvc': 14.2.21
      '@next/swc-win32-x64-msvc': 14.2.21
    transitivePeerDependencies:
      - '@babel/core'
      - babel-plugin-macros

  picocolors@1.1.1: {}

  postcss@8.4.31:
    dependencies:
      nanoid: 3.3.8
      picocolors: 1.1.1
      source-map-js: 1.2.1

  postcss@8.5.3:
    dependencies:
      nanoid: 3.3.8
      picocolors: 1.1.1
      source-map-js: 1.2.1
    optional: true

  posthog-js@1.231.0(@rrweb/types@2.0.0-alpha.17):
    dependencies:
      core-js: 3.40.0
      fflate: 0.4.8
      preact: 10.26.3
      web-vitals: 4.2.4
    optionalDependencies:
      '@rrweb/types': 2.0.0-alpha.17

  posthog-node@4.10.1:
    dependencies:
      axios: 1.8.3
    transitivePeerDependencies:
      - debug

  preact@10.26.3: {}

  prettier@3.5.2: {}

  proxy-from-env@1.1.0: {}

  react-dom@18.3.1(react@18.3.1):
    dependencies:
      loose-envify: 1.4.0
      react: 18.3.1
      scheduler: 0.23.2

  react@18.3.1:
    dependencies:
      loose-envify: 1.4.0

  rrweb-snapshot@2.0.0-alpha.18:
    dependencies:
      postcss: 8.5.3
    optional: true

  scheduler@0.23.2:
    dependencies:
      loose-envify: 1.4.0

  source-map-js@1.2.1: {}

  streamsearch@1.1.0: {}

  styled-jsx@5.1.1(react@18.3.1):
    dependencies:
      client-only: 0.0.1
      react: 18.3.1

  tslib@2.8.1: {}

  typescript@5.7.3: {}

  undici-types@6.19.8: {}

  web-vitals@4.2.4: {}
